
Microsoft Visual Studio Solution File, Format Version 12.00
# Visual Studio Version 17
VisualStudioVersion = 17.1.32407.343
MinimumVisualStudioVersion = 10.0.40219.1
Project("{9A19103F-16F7-4668-BE54-9A1E7A4F7556}") = "Pos.Api", "Pos.Api\Pos.Api.csproj", "{FB6F7142-B5B3-441E-8735-C56C26A2C840}"
EndProject
Project("{9A19103F-16F7-4668-BE54-9A1E7A4F7556}") = "Pos.EfCore", "Pos.Efcore\Pos.EfCore.csproj", "{1519E502-93D5-42F3-A11C-8982EC270A64}"
EndProject
Project("{9A19103F-16F7-4668-BE54-9A1E7A4F7556}") = "Pos.Domain", "Pos.Domain\Pos.Domain.csproj", "{61805E26-12F6-4497-BEE4-E75F2DFE227C}"
EndProject
Project("{2150E333-8FDC-42A3-9474-1A3956D46DE8}") = "Solution Items", "Solution Items", "{957A2320-76B1-4D3E-88B6-9C12593AD228}"
	ProjectSection(SolutionItems) = preProject
		.editorconfig = .editorconfig
	EndProjectSection
EndProject
Project("{2150E333-8FDC-42A3-9474-1A3956D46DE8}") = "Tests", "Tests", "{BAB89793-3B23-4E29-9885-328FDDC9EB93}"
EndProject
Project("{9A19103F-16F7-4668-BE54-9A1E7A4F7556}") = "Pos.Application", "Pos.Application\Pos.Application.csproj", "{1ED1D9AA-A69D-41C5-9200-FFCB09E96835}"
EndProject
Project("{9A19103F-16F7-4668-BE54-9A1E7A4F7556}") = "Pos.Infrastructure", "Pos.Infrastructure\Pos.Infrastructure.csproj", "{24DEE964-33F2-4296-A6EF-EE1F74876B97}"
EndProject
Project("{2150E333-8FDC-42A3-9474-1A3956D46DE8}") = "Source", "Source", "{A174BFF7-F619-49CD-9280-FAA69A9648B0}"
EndProject
Project("{2150E333-8FDC-42A3-9474-1A3956D46DE8}") = "Core", "Core", "{4C495DB1-924F-4EC9-AB74-C16F1F41DA0C}"
EndProject
Project("{2150E333-8FDC-42A3-9474-1A3956D46DE8}") = "Api", "Api", "{EFD3B4D7-E58F-45EC-880D-7CEA994BC53F}"
EndProject
Project("{2150E333-8FDC-42A3-9474-1A3956D46DE8}") = "Infrastructure", "Infrastructure", "{7270B7C9-068C-465E-9C78-1447CF7B6B99}"
EndProject
Global
	GlobalSection(SolutionConfigurationPlatforms) = preSolution
		Debug|Any CPU = Debug|Any CPU
		Release|Any CPU = Release|Any CPU
	EndGlobalSection
	GlobalSection(ProjectConfigurationPlatforms) = postSolution
		{FB6F7142-B5B3-441E-8735-C56C26A2C840}.Debug|Any CPU.ActiveCfg = Debug|Any CPU
		{FB6F7142-B5B3-441E-8735-C56C26A2C840}.Debug|Any CPU.Build.0 = Debug|Any CPU
		{FB6F7142-B5B3-441E-8735-C56C26A2C840}.Release|Any CPU.ActiveCfg = Release|Any CPU
		{FB6F7142-B5B3-441E-8735-C56C26A2C840}.Release|Any CPU.Build.0 = Release|Any CPU
		{1519E502-93D5-42F3-A11C-8982EC270A64}.Debug|Any CPU.ActiveCfg = Debug|Any CPU
		{1519E502-93D5-42F3-A11C-8982EC270A64}.Debug|Any CPU.Build.0 = Debug|Any CPU
		{1519E502-93D5-42F3-A11C-8982EC270A64}.Release|Any CPU.ActiveCfg = Release|Any CPU
		{1519E502-93D5-42F3-A11C-8982EC270A64}.Release|Any CPU.Build.0 = Release|Any CPU
		{61805E26-12F6-4497-BEE4-E75F2DFE227C}.Debug|Any CPU.ActiveCfg = Debug|Any CPU
		{61805E26-12F6-4497-BEE4-E75F2DFE227C}.Debug|Any CPU.Build.0 = Debug|Any CPU
		{61805E26-12F6-4497-BEE4-E75F2DFE227C}.Release|Any CPU.ActiveCfg = Release|Any CPU
		{61805E26-12F6-4497-BEE4-E75F2DFE227C}.Release|Any CPU.Build.0 = Release|Any CPU
		{1ED1D9AA-A69D-41C5-9200-FFCB09E96835}.Debug|Any CPU.ActiveCfg = Debug|Any CPU
		{1ED1D9AA-A69D-41C5-9200-FFCB09E96835}.Debug|Any CPU.Build.0 = Debug|Any CPU
		{1ED1D9AA-A69D-41C5-9200-FFCB09E96835}.Release|Any CPU.ActiveCfg = Release|Any CPU
		{1ED1D9AA-A69D-41C5-9200-FFCB09E96835}.Release|Any CPU.Build.0 = Release|Any CPU
		{24DEE964-33F2-4296-A6EF-EE1F74876B97}.Debug|Any CPU.ActiveCfg = Debug|Any CPU
		{24DEE964-33F2-4296-A6EF-EE1F74876B97}.Debug|Any CPU.Build.0 = Debug|Any CPU
		{24DEE964-33F2-4296-A6EF-EE1F74876B97}.Release|Any CPU.ActiveCfg = Release|Any CPU
		{24DEE964-33F2-4296-A6EF-EE1F74876B97}.Release|Any CPU.Build.0 = Release|Any CPU
	EndGlobalSection
	GlobalSection(SolutionProperties) = preSolution
		HideSolutionNode = FALSE
	EndGlobalSection
	GlobalSection(NestedProjects) = preSolution
		{FB6F7142-B5B3-441E-8735-C56C26A2C840} = {EFD3B4D7-E58F-45EC-880D-7CEA994BC53F}
		{61805E26-12F6-4497-BEE4-E75F2DFE227C} = {4C495DB1-924F-4EC9-AB74-C16F1F41DA0C}
		{1ED1D9AA-A69D-41C5-9200-FFCB09E96835} = {4C495DB1-924F-4EC9-AB74-C16F1F41DA0C}
		{4C495DB1-924F-4EC9-AB74-C16F1F41DA0C} = {A174BFF7-F619-49CD-9280-FAA69A9648B0}
		{EFD3B4D7-E58F-45EC-880D-7CEA994BC53F} = {A174BFF7-F619-49CD-9280-FAA69A9648B0}
		{7270B7C9-068C-465E-9C78-1447CF7B6B99} = {A174BFF7-F619-49CD-9280-FAA69A9648B0}
	EndGlobalSection
	GlobalSection(ExtensibilityGlobals) = postSolution
		SolutionGuid = {D40723CF-C9E2-482F-9806-134DD4DD34E0}
	EndGlobalSection
EndGlobal
